<?xml version="1.0" encoding="UTF-8"?>
<!DOCTYPE plist PUBLIC "-//Apple//DTD PLIST 1.0//EN" "http://www.apple.com/DTDs/PropertyList-1.0.dtd">
<plist version="1.0">
<dict>
	<key>archiveVersion</key>
	<string>1</string>
	<key>classes</key>
	<dict/>
	<key>objectVersion</key>
	<string>46</string>
	<key>objects</key>
	<dict>
		<key>3E35061117D86B53009B7528</key>
		<dict>
			<key>children</key>
			<array>
				<string>3E35062317D86B53009B7528</string>
				<string>3E35064A17D86B53009B7528</string>
				<string>3E35061C17D86B53009B7528</string>
				<string>3E35061B17D86B53009B7528</string>
				<string>6867B7BD54DD42809C2D8B58</string>
			</array>
			<key>isa</key>
			<string>PBXGroup</string>
			<key>sourceTree</key>
			<string>&lt;group&gt;</string>
		</dict>
		<key>3E35061217D86B53009B7528</key>
		<dict>
			<key>attributes</key>
			<dict>
				<key>CLASSPREFIX</key>
				<string>YD</string>
				<key>LastUpgradeCheck</key>
				<string>0460</string>
				<key>ORGANIZATIONNAME</key>
				<string>gongliang</string>
			</dict>
			<key>buildConfigurationList</key>
			<string>3E35061517D86B53009B7528</string>
			<key>compatibilityVersion</key>
			<string>Xcode 3.2</string>
			<key>developmentRegion</key>
			<string>English</string>
			<key>hasScannedForEncodings</key>
			<string>0</string>
			<key>isa</key>
			<string>PBXProject</string>
			<key>knownRegions</key>
			<array>
				<string>en</string>
			</array>
			<key>mainGroup</key>
			<string>3E35061117D86B53009B7528</string>
			<key>productRefGroup</key>
			<string>3E35061B17D86B53009B7528</string>
			<key>projectDirPath</key>
			<string></string>
			<key>projectReferences</key>
			<array/>
			<key>projectRoot</key>
			<string></string>
			<key>targets</key>
			<array>
				<string>3E35061917D86B53009B7528</string>
				<string>3E35064217D86B53009B7528</string>
			</array>
		</dict>
		<key>3E35061517D86B53009B7528</key>
		<dict>
			<key>buildConfigurations</key>
			<array>
				<string>3E35065317D86B53009B7528</string>
				<string>3E35065417D86B53009B7528</string>
			</array>
			<key>defaultConfigurationIsVisible</key>
			<string>0</string>
			<key>defaultConfigurationName</key>
			<string>Release</string>
			<key>isa</key>
			<string>XCConfigurationList</string>
		</dict>
		<key>3E35061617D86B53009B7528</key>
		<dict>
			<key>buildActionMask</key>
			<string>2147483647</string>
			<key>files</key>
			<array>
				<string>3E35062A17D86B53009B7528</string>
				<string>3E35062E17D86B53009B7528</string>
				<string>3E35063D17D86B53009B7528</string>
			</array>
			<key>isa</key>
			<string>PBXSourcesBuildPhase</string>
			<key>runOnlyForDeploymentPostprocessing</key>
			<string>0</string>
		</dict>
		<key>3E35061717D86B53009B7528</key>
		<dict>
			<key>buildActionMask</key>
			<string>2147483647</string>
			<key>files</key>
			<array>
				<string>3E35065C17D86D9A009B7528</string>
				<string>3E35061E17D86B53009B7528</string>
				<string>3E35062017D86B53009B7528</string>
				<string>3E35062217D86B53009B7528</string>
				<string>83AB8DE9FF7448EFB01444FF</string>
			</array>
			<key>isa</key>
			<string>PBXFrameworksBuildPhase</string>
			<key>runOnlyForDeploymentPostprocessing</key>
			<string>0</string>
		</dict>
		<key>3E35061817D86B53009B7528</key>
		<dict>
			<key>buildActionMask</key>
			<string>2147483647</string>
			<key>files</key>
			<array>
				<string>3E35062817D86B53009B7528</string>
				<string>3E35063017D86B53009B7528</string>
				<string>3E35063217D86B53009B7528</string>
				<string>3E35063417D86B53009B7528</string>
				<string>3E35063717D86B53009B7528</string>
				<string>3E35063A17D86B53009B7528</string>
			</array>
			<key>isa</key>
			<string>PBXResourcesBuildPhase</string>
			<key>runOnlyForDeploymentPostprocessing</key>
			<string>0</string>
		</dict>
		<key>3E35061917D86B53009B7528</key>
		<dict>
			<key>buildConfigurationList</key>
			<string>3E35065517D86B53009B7528</string>
			<key>buildPhases</key>
			<array>
				<string>6BF8430830E14CB79FE23140</string>
				<string>3E35061617D86B53009B7528</string>
				<string>3E35061717D86B53009B7528</string>
				<string>3E35061817D86B53009B7528</string>
				<string>94EF84A7C2B44D2088276C62</string>
			</array>
			<key>buildRules</key>
			<array/>
			<key>dependencies</key>
			<array/>
			<key>isa</key>
			<string>PBXNativeTarget</string>
			<key>name</key>
			<string>MoveLife</string>
			<key>productName</key>
			<string>MoveLife</string>
			<key>productReference</key>
			<string>3E35061A17D86B53009B7528</string>
			<key>productType</key>
			<string>com.apple.product-type.application</string>
		</dict>
		<key>3E35061A17D86B53009B7528</key>
		<dict>
			<key>explicitFileType</key>
			<string>wrapper.application</string>
			<key>includeInIndex</key>
			<string>0</string>
			<key>isa</key>
			<string>PBXFileReference</string>
			<key>path</key>
			<string>MoveLife.app</string>
			<key>sourceTree</key>
			<string>BUILT_PRODUCTS_DIR</string>
		</dict>
		<key>3E35061B17D86B53009B7528</key>
		<dict>
			<key>children</key>
			<array>
				<string>3E35061A17D86B53009B7528</string>
				<string>3E35064317D86B53009B7528</string>
			</array>
			<key>isa</key>
			<string>PBXGroup</string>
			<key>name</key>
			<string>Products</string>
			<key>sourceTree</key>
			<string>&lt;group&gt;</string>
		</dict>
		<key>3E35061C17D86B53009B7528</key>
		<dict>
			<key>children</key>
			<array>
				<string>3E35065B17D86D9A009B7528</string>
				<string>3E35061D17D86B53009B7528</string>
				<string>3E35061F17D86B53009B7528</string>
				<string>3E35062117D86B53009B7528</string>
				<string>3E35064417D86B53009B7528</string>
				<string>5CA492200DC045FF9C8BF245</string>
			</array>
			<key>isa</key>
			<string>PBXGroup</string>
			<key>name</key>
			<string>Frameworks</string>
			<key>sourceTree</key>
			<string>&lt;group&gt;</string>
		</dict>
		<key>3E35061D17D86B53009B7528</key>
		<dict>
			<key>isa</key>
			<string>PBXFileReference</string>
			<key>lastKnownFileType</key>
			<string>wrapper.framework</string>
			<key>name</key>
			<string>UIKit.framework</string>
			<key>path</key>
			<string>System/Library/Frameworks/UIKit.framework</string>
			<key>sourceTree</key>
			<string>SDKROOT</string>
		</dict>
		<key>3E35061E17D86B53009B7528</key>
		<dict>
			<key>fileRef</key>
			<string>3E35061D17D86B53009B7528</string>
			<key>isa</key>
			<string>PBXBuildFile</string>
		</dict>
		<key>3E35061F17D86B53009B7528</key>
		<dict>
			<key>isa</key>
			<string>PBXFileReference</string>
			<key>lastKnownFileType</key>
			<string>wrapper.framework</string>
			<key>name</key>
			<string>Foundation.framework</string>
			<key>path</key>
			<string>System/Library/Frameworks/Foundation.framework</string>
			<key>sourceTree</key>
			<string>SDKROOT</string>
		</dict>
		<key>3E35062017D86B53009B7528</key>
		<dict>
			<key>fileRef</key>
			<string>3E35061F17D86B53009B7528</string>
			<key>isa</key>
			<string>PBXBuildFile</string>
		</dict>
		<key>3E35062117D86B53009B7528</key>
		<dict>
			<key>isa</key>
			<string>PBXFileReference</string>
			<key>lastKnownFileType</key>
			<string>wrapper.framework</string>
			<key>name</key>
			<string>CoreGraphics.framework</string>
			<key>path</key>
			<string>System/Library/Frameworks/CoreGraphics.framework</string>
			<key>sourceTree</key>
			<string>SDKROOT</string>
		</dict>
		<key>3E35062217D86B53009B7528</key>
		<dict>
			<key>fileRef</key>
			<string>3E35062117D86B53009B7528</string>
			<key>isa</key>
			<string>PBXBuildFile</string>
		</dict>
		<key>3E35062317D86B53009B7528</key>
		<dict>
			<key>children</key>
			<array>
				<string>3E35062C17D86B53009B7528</string>
				<string>3E35062D17D86B53009B7528</string>
				<string>3E35063517D86B53009B7528</string>
				<string>3E35063817D86B53009B7528</string>
				<string>3E35063B17D86B53009B7528</string>
				<string>3E35063C17D86B53009B7528</string>
				<string>3E35062417D86B53009B7528</string>
			</array>
			<key>isa</key>
			<string>PBXGroup</string>
			<key>path</key>
			<string>MoveLife</string>
			<key>sourceTree</key>
			<string>&lt;group&gt;</string>
		</dict>
		<key>3E35062417D86B53009B7528</key>
		<dict>
			<key>children</key>
			<array>
				<string>3E35062517D86B53009B7528</string>
				<string>3E35062617D86B53009B7528</string>
				<string>3E35062917D86B53009B7528</string>
				<string>3E35062B17D86B53009B7528</string>
				<string>3E35062F17D86B53009B7528</string>
				<string>3E35063117D86B53009B7528</string>
				<string>3E35063317D86B53009B7528</string>
			</array>
			<key>isa</key>
			<string>PBXGroup</string>
			<key>name</key>
			<string>Supporting Files</string>
			<key>sourceTree</key>
			<string>&lt;group&gt;</string>
		</dict>
		<key>3E35062517D86B53009B7528</key>
		<dict>
			<key>isa</key>
			<string>PBXFileReference</string>
			<key>lastKnownFileType</key>
			<string>text.plist.xml</string>
			<key>path</key>
			<string>MoveLife-Info.plist</string>
			<key>sourceTree</key>
			<string>&lt;group&gt;</string>
		</dict>
		<key>3E35062617D86B53009B7528</key>
		<dict>
			<key>children</key>
			<array>
				<string>3E35062717D86B53009B7528</string>
			</array>
			<key>isa</key>
			<string>PBXVariantGroup</string>
			<key>name</key>
			<string>InfoPlist.strings</string>
			<key>sourceTree</key>
			<string>&lt;group&gt;</string>
		</dict>
		<key>3E35062717D86B53009B7528</key>
		<dict>
			<key>isa</key>
			<string>PBXFileReference</string>
			<key>lastKnownFileType</key>
			<string>text.plist.strings</string>
			<key>name</key>
			<string>en</string>
			<key>path</key>
			<string>en.lproj/InfoPlist.strings</string>
			<key>sourceTree</key>
			<string>&lt;group&gt;</string>
		</dict>
		<key>3E35062817D86B53009B7528</key>
		<dict>
			<key>fileRef</key>
			<string>3E35062617D86B53009B7528</string>
			<key>isa</key>
			<string>PBXBuildFile</string>
		</dict>
		<key>3E35062917D86B53009B7528</key>
		<dict>
			<key>isa</key>
			<string>PBXFileReference</string>
			<key>lastKnownFileType</key>
			<string>sourcecode.c.objc</string>
			<key>path</key>
			<string>main.m</string>
			<key>sourceTree</key>
			<string>&lt;group&gt;</string>
		</dict>
		<key>3E35062A17D86B53009B7528</key>
		<dict>
			<key>fileRef</key>
			<string>3E35062917D86B53009B7528</string>
			<key>isa</key>
			<string>PBXBuildFile</string>
		</dict>
		<key>3E35062B17D86B53009B7528</key>
		<dict>
			<key>isa</key>
			<string>PBXFileReference</string>
			<key>lastKnownFileType</key>
			<string>sourcecode.c.h</string>
			<key>path</key>
			<string>MoveLife-Prefix.pch</string>
			<key>sourceTree</key>
			<string>&lt;group&gt;</string>
		</dict>
		<key>3E35062C17D86B53009B7528</key>
		<dict>
			<key>isa</key>
			<string>PBXFileReference</string>
			<key>lastKnownFileType</key>
			<string>sourcecode.c.h</string>
			<key>path</key>
			<string>YDAppDelegate.h</string>
			<key>sourceTree</key>
			<string>&lt;group&gt;</string>
		</dict>
		<key>3E35062D17D86B53009B7528</key>
		<dict>
			<key>isa</key>
			<string>PBXFileReference</string>
			<key>lastKnownFileType</key>
			<string>sourcecode.c.objc</string>
			<key>path</key>
			<string>YDAppDelegate.m</string>
			<key>sourceTree</key>
			<string>&lt;group&gt;</string>
		</dict>
		<key>3E35062E17D86B53009B7528</key>
		<dict>
			<key>fileRef</key>
			<string>3E35062D17D86B53009B7528</string>
			<key>isa</key>
			<string>PBXBuildFile</string>
		</dict>
		<key>3E35062F17D86B53009B7528</key>
		<dict>
			<key>isa</key>
			<string>PBXFileReference</string>
			<key>lastKnownFileType</key>
			<string>image.png</string>
			<key>path</key>
			<string>Default.png</string>
			<key>sourceTree</key>
			<string>&lt;group&gt;</string>
		</dict>
		<key>3E35063017D86B53009B7528</key>
		<dict>
			<key>fileRef</key>
			<string>3E35062F17D86B53009B7528</string>
			<key>isa</key>
			<string>PBXBuildFile</string>
		</dict>
		<key>3E35063117D86B53009B7528</key>
		<dict>
			<key>isa</key>
			<string>PBXFileReference</string>
			<key>lastKnownFileType</key>
			<string>image.png</string>
			<key>path</key>
			<string>Default@2x.png</string>
			<key>sourceTree</key>
			<string>&lt;group&gt;</string>
		</dict>
		<key>3E35063217D86B53009B7528</key>
		<dict>
			<key>fileRef</key>
			<string>3E35063117D86B53009B7528</string>
			<key>isa</key>
			<string>PBXBuildFile</string>
		</dict>
		<key>3E35063317D86B53009B7528</key>
		<dict>
			<key>isa</key>
			<string>PBXFileReference</string>
			<key>lastKnownFileType</key>
			<string>image.png</string>
			<key>path</key>
			<string>Default-568h@2x.png</string>
			<key>sourceTree</key>
			<string>&lt;group&gt;</string>
		</dict>
		<key>3E35063417D86B53009B7528</key>
		<dict>
			<key>fileRef</key>
			<string>3E35063317D86B53009B7528</string>
			<key>isa</key>
			<string>PBXBuildFile</string>
		</dict>
		<key>3E35063517D86B53009B7528</key>
		<dict>
			<key>children</key>
			<array>
				<string>3E35063617D86B53009B7528</string>
			</array>
			<key>isa</key>
			<string>PBXVariantGroup</string>
			<key>name</key>
			<string>MainStoryboard_iPhone.storyboard</string>
			<key>sourceTree</key>
			<string>&lt;group&gt;</string>
		</dict>
		<key>3E35063617D86B53009B7528</key>
		<dict>
			<key>isa</key>
			<string>PBXFileReference</string>
			<key>lastKnownFileType</key>
			<string>file.storyboard</string>
			<key>name</key>
			<string>en</string>
			<key>path</key>
			<string>en.lproj/MainStoryboard_iPhone.storyboard</string>
			<key>sourceTree</key>
			<string>&lt;group&gt;</string>
		</dict>
		<key>3E35063717D86B53009B7528</key>
		<dict>
			<key>fileRef</key>
			<string>3E35063517D86B53009B7528</string>
			<key>isa</key>
			<string>PBXBuildFile</string>
		</dict>
		<key>3E35063817D86B53009B7528</key>
		<dict>
			<key>children</key>
			<array>
				<string>3E35063917D86B53009B7528</string>
			</array>
			<key>isa</key>
			<string>PBXVariantGroup</string>
			<key>name</key>
			<string>MainStoryboard_iPad.storyboard</string>
			<key>sourceTree</key>
			<string>&lt;group&gt;</string>
		</dict>
		<key>3E35063917D86B53009B7528</key>
		<dict>
			<key>isa</key>
			<string>PBXFileReference</string>
			<key>lastKnownFileType</key>
			<string>file.storyboard</string>
			<key>name</key>
			<string>en</string>
			<key>path</key>
			<string>en.lproj/MainStoryboard_iPad.storyboard</string>
			<key>sourceTree</key>
			<string>&lt;group&gt;</string>
		</dict>
		<key>3E35063A17D86B53009B7528</key>
		<dict>
			<key>fileRef</key>
			<string>3E35063817D86B53009B7528</string>
			<key>isa</key>
			<string>PBXBuildFile</string>
		</dict>
		<key>3E35063B17D86B53009B7528</key>
		<dict>
			<key>isa</key>
			<string>PBXFileReference</string>
			<key>lastKnownFileType</key>
			<string>sourcecode.c.h</string>
			<key>path</key>
			<string>YDViewController.h</string>
			<key>sourceTree</key>
			<string>&lt;group&gt;</string>
		</dict>
		<key>3E35063C17D86B53009B7528</key>
		<dict>
			<key>isa</key>
			<string>PBXFileReference</string>
			<key>lastKnownFileType</key>
			<string>sourcecode.c.objc</string>
			<key>path</key>
			<string>YDViewController.m</string>
			<key>sourceTree</key>
			<string>&lt;group&gt;</string>
		</dict>
		<key>3E35063D17D86B53009B7528</key>
		<dict>
			<key>fileRef</key>
			<string>3E35063C17D86B53009B7528</string>
			<key>isa</key>
			<string>PBXBuildFile</string>
		</dict>
		<key>3E35063E17D86B53009B7528</key>
		<dict>
			<key>buildActionMask</key>
			<string>2147483647</string>
			<key>files</key>
			<array>
				<string>3E35065217D86B53009B7528</string>
			</array>
			<key>isa</key>
			<string>PBXSourcesBuildPhase</string>
			<key>runOnlyForDeploymentPostprocessing</key>
			<string>0</string>
		</dict>
		<key>3E35063F17D86B53009B7528</key>
		<dict>
			<key>buildActionMask</key>
			<string>2147483647</string>
			<key>files</key>
			<array>
				<string>3E35064517D86B53009B7528</string>
				<string>3E35064617D86B53009B7528</string>
				<string>3E35064717D86B53009B7528</string>
			</array>
			<key>isa</key>
			<string>PBXFrameworksBuildPhase</string>
			<key>runOnlyForDeploymentPostprocessing</key>
			<string>0</string>
		</dict>
		<key>3E35064017D86B53009B7528</key>
		<dict>
			<key>buildActionMask</key>
			<string>2147483647</string>
			<key>files</key>
			<array>
				<string>3E35064F17D86B53009B7528</string>
			</array>
			<key>isa</key>
			<string>PBXResourcesBuildPhase</string>
			<key>runOnlyForDeploymentPostprocessing</key>
			<string>0</string>
		</dict>
		<key>3E35064117D86B53009B7528</key>
		<dict>
			<key>buildActionMask</key>
			<string>2147483647</string>
			<key>files</key>
			<array/>
			<key>inputPaths</key>
			<array/>
			<key>isa</key>
			<string>PBXShellScriptBuildPhase</string>
			<key>outputPaths</key>
			<array/>
			<key>runOnlyForDeploymentPostprocessing</key>
			<string>0</string>
			<key>shellPath</key>
			<string>/bin/sh</string>
			<key>shellScript</key>
			<string># Run the unit tests in this test bundle.
"${SYSTEM_DEVELOPER_DIR}/Tools/RunUnitTests"
</string>
		</dict>
		<key>3E35064217D86B53009B7528</key>
		<dict>
			<key>buildConfigurationList</key>
			<string>3E35065817D86B53009B7528</string>
			<key>buildPhases</key>
			<array>
				<string>3E35063E17D86B53009B7528</string>
				<string>3E35063F17D86B53009B7528</string>
				<string>3E35064017D86B53009B7528</string>
				<string>3E35064117D86B53009B7528</string>
			</array>
			<key>buildRules</key>
			<array/>
			<key>dependencies</key>
			<array>
				<string>3E35064917D86B53009B7528</string>
			</array>
			<key>isa</key>
			<string>PBXNativeTarget</string>
			<key>name</key>
			<string>MoveLifeTests</string>
			<key>productName</key>
			<string>MoveLifeTests</string>
			<key>productReference</key>
			<string>3E35064317D86B53009B7528</string>
			<key>productType</key>
			<string>com.apple.product-type.bundle</string>
		</dict>
		<key>3E35064317D86B53009B7528</key>
		<dict>
			<key>explicitFileType</key>
			<string>wrapper.cfbundle</string>
			<key>includeInIndex</key>
			<string>0</string>
			<key>isa</key>
			<string>PBXFileReference</string>
			<key>path</key>
			<string>MoveLifeTests.octest</string>
			<key>sourceTree</key>
			<string>BUILT_PRODUCTS_DIR</string>
		</dict>
		<key>3E35064417D86B53009B7528</key>
		<dict>
			<key>isa</key>
			<string>PBXFileReference</string>
			<key>lastKnownFileType</key>
			<string>wrapper.framework</string>
			<key>name</key>
			<string>SenTestingKit.framework</string>
			<key>path</key>
			<string>Library/Frameworks/SenTestingKit.framework</string>
			<key>sourceTree</key>
			<string>DEVELOPER_DIR</string>
		</dict>
		<key>3E35064517D86B53009B7528</key>
		<dict>
			<key>fileRef</key>
			<string>3E35064417D86B53009B7528</string>
			<key>isa</key>
			<string>PBXBuildFile</string>
		</dict>
		<key>3E35064617D86B53009B7528</key>
		<dict>
			<key>fileRef</key>
			<string>3E35061D17D86B53009B7528</string>
			<key>isa</key>
			<string>PBXBuildFile</string>
		</dict>
		<key>3E35064717D86B53009B7528</key>
		<dict>
			<key>fileRef</key>
			<string>3E35061F17D86B53009B7528</string>
			<key>isa</key>
			<string>PBXBuildFile</string>
		</dict>
		<key>3E35064817D86B53009B7528</key>
		<dict>
			<key>containerPortal</key>
			<string>3E35061217D86B53009B7528</string>
			<key>isa</key>
			<string>PBXContainerItemProxy</string>
			<key>proxyType</key>
			<string>1</string>
			<key>remoteGlobalIDString</key>
			<string>3E35061917D86B53009B7528</string>
			<key>remoteInfo</key>
			<string>MoveLife</string>
		</dict>
		<key>3E35064917D86B53009B7528</key>
		<dict>
			<key>isa</key>
			<string>PBXTargetDependency</string>
			<key>target</key>
			<string>3E35061917D86B53009B7528</string>
			<key>targetProxy</key>
			<string>3E35064817D86B53009B7528</string>
		</dict>
		<key>3E35064A17D86B53009B7528</key>
		<dict>
			<key>children</key>
			<array>
				<string>3E35065017D86B53009B7528</string>
				<string>3E35065117D86B53009B7528</string>
				<string>3E35064B17D86B53009B7528</string>
			</array>
			<key>isa</key>
			<string>PBXGroup</string>
			<key>path</key>
			<string>MoveLifeTests</string>
			<key>sourceTree</key>
			<string>&lt;group&gt;</string>
		</dict>
		<key>3E35064B17D86B53009B7528</key>
		<dict>
			<key>children</key>
			<array>
				<string>3E35064C17D86B53009B7528</string>
				<string>3E35064D17D86B53009B7528</string>
			</array>
			<key>isa</key>
			<string>PBXGroup</string>
			<key>name</key>
			<string>Supporting Files</string>
			<key>sourceTree</key>
			<string>&lt;group&gt;</string>
		</dict>
		<key>3E35064C17D86B53009B7528</key>
		<dict>
			<key>isa</key>
			<string>PBXFileReference</string>
			<key>lastKnownFileType</key>
			<string>text.plist.xml</string>
			<key>path</key>
			<string>MoveLifeTests-Info.plist</string>
			<key>sourceTree</key>
			<string>&lt;group&gt;</string>
		</dict>
		<key>3E35064D17D86B53009B7528</key>
		<dict>
			<key>children</key>
			<array>
				<string>3E35064E17D86B53009B7528</string>
			</array>
			<key>isa</key>
			<string>PBXVariantGroup</string>
			<key>name</key>
			<string>InfoPlist.strings</string>
			<key>sourceTree</key>
			<string>&lt;group&gt;</string>
		</dict>
		<key>3E35064E17D86B53009B7528</key>
		<dict>
			<key>isa</key>
			<string>PBXFileReference</string>
			<key>lastKnownFileType</key>
			<string>text.plist.strings</string>
			<key>name</key>
			<string>en</string>
			<key>path</key>
			<string>en.lproj/InfoPlist.strings</string>
			<key>sourceTree</key>
			<string>&lt;group&gt;</string>
		</dict>
		<key>3E35064F17D86B53009B7528</key>
		<dict>
			<key>fileRef</key>
			<string>3E35064D17D86B53009B7528</string>
			<key>isa</key>
			<string>PBXBuildFile</string>
		</dict>
		<key>3E35065017D86B53009B7528</key>
		<dict>
			<key>isa</key>
			<string>PBXFileReference</string>
			<key>lastKnownFileType</key>
			<string>sourcecode.c.h</string>
			<key>path</key>
			<string>MoveLifeTests.h</string>
			<key>sourceTree</key>
			<string>&lt;group&gt;</string>
		</dict>
		<key>3E35065117D86B53009B7528</key>
		<dict>
			<key>isa</key>
			<string>PBXFileReference</string>
			<key>lastKnownFileType</key>
			<string>sourcecode.c.objc</string>
			<key>path</key>
			<string>MoveLifeTests.m</string>
			<key>sourceTree</key>
			<string>&lt;group&gt;</string>
		</dict>
		<key>3E35065217D86B53009B7528</key>
		<dict>
			<key>fileRef</key>
			<string>3E35065117D86B53009B7528</string>
			<key>isa</key>
			<string>PBXBuildFile</string>
		</dict>
		<key>3E35065317D86B53009B7528</key>
		<dict>
			<key>buildSettings</key>
			<dict>
				<key>ALWAYS_SEARCH_USER_PATHS</key>
				<string>NO</string>
				<key>CLANG_CXX_LANGUAGE_STANDARD</key>
				<string>gnu++0x</string>
				<key>CLANG_CXX_LIBRARY</key>
				<string>libc++</string>
				<key>CLANG_ENABLE_OBJC_ARC</key>
				<string>YES</string>
				<key>CLANG_WARN_CONSTANT_CONVERSION</key>
				<string>YES</string>
				<key>CLANG_WARN_EMPTY_BODY</key>
				<string>YES</string>
				<key>CLANG_WARN_ENUM_CONVERSION</key>
				<string>YES</string>
				<key>CLANG_WARN_INT_CONVERSION</key>
				<string>YES</string>
				<key>CLANG_WARN__DUPLICATE_METHOD_MATCH</key>
				<string>YES</string>
				<key>CODE_SIGN_IDENTITY[sdk=iphoneos*]</key>
				<string>iPhone Developer</string>
				<key>COPY_PHASE_STRIP</key>
				<string>NO</string>
				<key>GCC_C_LANGUAGE_STANDARD</key>
				<string>gnu99</string>
				<key>GCC_DYNAMIC_NO_PIC</key>
				<string>NO</string>
				<key>GCC_OPTIMIZATION_LEVEL</key>
				<string>0</string>
				<key>GCC_PREPROCESSOR_DEFINITIONS</key>
				<array>
					<string>DEBUG=1</string>
					<string>$(inherited)</string>
				</array>
				<key>GCC_SYMBOLS_PRIVATE_EXTERN</key>
				<string>NO</string>
				<key>GCC_WARN_ABOUT_RETURN_TYPE</key>
				<string>YES</string>
				<key>GCC_WARN_UNINITIALIZED_AUTOS</key>
				<string>YES</string>
				<key>GCC_WARN_UNUSED_VARIABLE</key>
				<string>YES</string>
				<key>IPHONEOS_DEPLOYMENT_TARGET</key>
				<string>6.1</string>
				<key>ONLY_ACTIVE_ARCH</key>
				<string>YES</string>
				<key>SDKROOT</key>
				<string>iphoneos</string>
				<key>TARGETED_DEVICE_FAMILY</key>
				<string>1,2</string>
			</dict>
			<key>isa</key>
			<string>XCBuildConfiguration</string>
			<key>name</key>
			<string>Debug</string>
		</dict>
		<key>3E35065417D86B53009B7528</key>
		<dict>
			<key>buildSettings</key>
			<dict>
				<key>ALWAYS_SEARCH_USER_PATHS</key>
				<string>NO</string>
				<key>CLANG_CXX_LANGUAGE_STANDARD</key>
				<string>gnu++0x</string>
				<key>CLANG_CXX_LIBRARY</key>
				<string>libc++</string>
				<key>CLANG_ENABLE_OBJC_ARC</key>
				<string>YES</string>
				<key>CLANG_WARN_CONSTANT_CONVERSION</key>
				<string>YES</string>
				<key>CLANG_WARN_EMPTY_BODY</key>
				<string>YES</string>
				<key>CLANG_WARN_ENUM_CONVERSION</key>
				<string>YES</string>
				<key>CLANG_WARN_INT_CONVERSION</key>
				<string>YES</string>
				<key>CLANG_WARN__DUPLICATE_METHOD_MATCH</key>
				<string>YES</string>
				<key>CODE_SIGN_IDENTITY[sdk=iphoneos*]</key>
				<string>iPhone Developer</string>
				<key>COPY_PHASE_STRIP</key>
				<string>YES</string>
				<key>GCC_C_LANGUAGE_STANDARD</key>
				<string>gnu99</string>
				<key>GCC_WARN_ABOUT_RETURN_TYPE</key>
				<string>YES</string>
				<key>GCC_WARN_UNINITIALIZED_AUTOS</key>
				<string>YES</string>
				<key>GCC_WARN_UNUSED_VARIABLE</key>
				<string>YES</string>
				<key>IPHONEOS_DEPLOYMENT_TARGET</key>
				<string>6.1</string>
				<key>OTHER_CFLAGS</key>
				<string>-DNS_BLOCK_ASSERTIONS=1</string>
				<key>SDKROOT</key>
				<string>iphoneos</string>
				<key>TARGETED_DEVICE_FAMILY</key>
				<string>1,2</string>
				<key>VALIDATE_PRODUCT</key>
				<string>YES</string>
			</dict>
			<key>isa</key>
			<string>XCBuildConfiguration</string>
			<key>name</key>
			<string>Release</string>
		</dict>
		<key>3E35065517D86B53009B7528</key>
		<dict>
			<key>buildConfigurations</key>
			<array>
				<string>3E35065617D86B53009B7528</string>
				<string>3E35065717D86B53009B7528</string>
			</array>
			<key>defaultConfigurationIsVisible</key>
			<string>0</string>
			<key>defaultConfigurationName</key>
			<string>Release</string>
			<key>isa</key>
			<string>XCConfigurationList</string>
		</dict>
		<key>3E35065617D86B53009B7528</key>
		<dict>
			<key>baseConfigurationReference</key>
			<string>6867B7BD54DD42809C2D8B58</string>
			<key>buildSettings</key>
			<dict>
				<key>GCC_PRECOMPILE_PREFIX_HEADER</key>
				<string>YES</string>
				<key>GCC_PREFIX_HEADER</key>
				<string>MoveLife/MoveLife-Prefix.pch</string>
				<key>INFOPLIST_FILE</key>
				<string>MoveLife/MoveLife-Info.plist</string>
				<key>PRODUCT_NAME</key>
				<string>$(TARGET_NAME)</string>
				<key>WRAPPER_EXTENSION</key>
				<string>app</string>
			</dict>
			<key>isa</key>
			<string>XCBuildConfiguration</string>
			<key>name</key>
			<string>Debug</string>
		</dict>
		<key>3E35065717D86B53009B7528</key>
		<dict>
			<key>baseConfigurationReference</key>
			<string>6867B7BD54DD42809C2D8B58</string>
			<key>buildSettings</key>
			<dict>
				<key>GCC_PRECOMPILE_PREFIX_HEADER</key>
				<string>YES</string>
				<key>GCC_PREFIX_HEADER</key>
				<string>MoveLife/MoveLife-Prefix.pch</string>
				<key>INFOPLIST_FILE</key>
				<string>MoveLife/MoveLife-Info.plist</string>
				<key>PRODUCT_NAME</key>
				<string>$(TARGET_NAME)</string>
				<key>WRAPPER_EXTENSION</key>
				<string>app</string>
			</dict>
			<key>isa</key>
			<string>XCBuildConfiguration</string>
			<key>name</key>
			<string>Release</string>
		</dict>
		<key>3E35065817D86B53009B7528</key>
		<dict>
			<key>buildConfigurations</key>
			<array>
				<string>3E35065917D86B53009B7528</string>
				<string>3E35065A17D86B53009B7528</string>
			</array>
			<key>defaultConfigurationIsVisible</key>
			<string>0</string>
			<key>defaultConfigurationName</key>
			<string>Release</string>
			<key>isa</key>
			<string>XCConfigurationList</string>
		</dict>
		<key>3E35065917D86B53009B7528</key>
		<dict>
			<key>buildSettings</key>
			<dict>
				<key>BUNDLE_LOADER</key>
				<string>$(BUILT_PRODUCTS_DIR)/MoveLife.app/MoveLife</string>
				<key>FRAMEWORK_SEARCH_PATHS</key>
				<array>
					<string>"$(SDKROOT)/Developer/Library/Frameworks"</string>
					<string>"$(DEVELOPER_LIBRARY_DIR)/Frameworks"</string>
				</array>
				<key>GCC_PRECOMPILE_PREFIX_HEADER</key>
				<string>YES</string>
				<key>GCC_PREFIX_HEADER</key>
				<string>MoveLife/MoveLife-Prefix.pch</string>
				<key>INFOPLIST_FILE</key>
				<string>MoveLifeTests/MoveLifeTests-Info.plist</string>
				<key>PRODUCT_NAME</key>
				<string>$(TARGET_NAME)</string>
				<key>TEST_HOST</key>
				<string>$(BUNDLE_LOADER)</string>
				<key>WRAPPER_EXTENSION</key>
				<string>octest</string>
			</dict>
			<key>isa</key>
			<string>XCBuildConfiguration</string>
			<key>name</key>
			<string>Debug</string>
		</dict>
		<key>3E35065A17D86B53009B7528</key>
		<dict>
			<key>buildSettings</key>
			<dict>
				<key>BUNDLE_LOADER</key>
				<string>$(BUILT_PRODUCTS_DIR)/MoveLife.app/MoveLife</string>
				<key>FRAMEWORK_SEARCH_PATHS</key>
				<array>
					<string>"$(SDKROOT)/Developer/Library/Frameworks"</string>
					<string>"$(DEVELOPER_LIBRARY_DIR)/Frameworks"</string>
				</array>
				<key>GCC_PRECOMPILE_PREFIX_HEADER</key>
				<string>YES</string>
				<key>GCC_PREFIX_HEADER</key>
				<string>MoveLife/MoveLife-Prefix.pch</string>
				<key>INFOPLIST_FILE</key>
				<string>MoveLifeTests/MoveLifeTests-Info.plist</string>
				<key>PRODUCT_NAME</key>
				<string>$(TARGET_NAME)</string>
				<key>TEST_HOST</key>
				<string>$(BUNDLE_LOADER)</string>
				<key>WRAPPER_EXTENSION</key>
				<string>octest</string>
			</dict>
			<key>isa</key>
			<string>XCBuildConfiguration</string>
			<key>name</key>
			<string>Release</string>
		</dict>
		<key>3E35065B17D86D9A009B7528</key>
		<dict>
			<key>isa</key>
			<string>PBXFileReference</string>
			<key>lastKnownFileType</key>
			<string>wrapper.framework</string>
			<key>name</key>
			<string>QuartzCore.framework</string>
			<key>path</key>
			<string>System/Library/Frameworks/QuartzCore.framework</string>
			<key>sourceTree</key>
			<string>SDKROOT</string>
		</dict>
		<key>3E35065C17D86D9A009B7528</key>
		<dict>
			<key>fileRef</key>
			<string>3E35065B17D86D9A009B7528</string>
			<key>isa</key>
			<string>PBXBuildFile</string>
		</dict>
		<key>5CA492200DC045FF9C8BF245</key>
		<dict>
			<key>explicitFileType</key>
			<string>archive.ar</string>
			<key>includeInIndex</key>
			<string>0</string>
			<key>isa</key>
			<string>PBXFileReference</string>
			<key>path</key>
			<string>libPods.a</string>
			<key>sourceTree</key>
			<string>BUILT_PRODUCTS_DIR</string>
		</dict>
		<key>6867B7BD54DD42809C2D8B58</key>
		<dict>
			<key>includeInIndex</key>
			<string>1</string>
			<key>isa</key>
			<string>PBXFileReference</string>
			<key>lastKnownFileType</key>
			<string>text.xcconfig</string>
			<key>name</key>
			<string>Pods.xcconfig</string>
			<key>path</key>
			<string>Pods/Pods.xcconfig</string>
			<key>sourceTree</key>
			<string>SOURCE_ROOT</string>
		</dict>
		<key>6BF8430830E14CB79FE23140</key>
		<dict>
			<key>buildActionMask</key>
			<string>2147483647</string>
			<key>files</key>
			<array/>
			<key>inputPaths</key>
			<array/>
			<key>isa</key>
			<string>PBXShellScriptBuildPhase</string>
			<key>name</key>
			<string>Check Pods Manifest.lock</string>
			<key>outputPaths</key>
			<array/>
			<key>runOnlyForDeploymentPostprocessing</key>
			<string>0</string>
			<key>shellPath</key>
			<string>/bin/sh</string>
			<key>shellScript</key>
			<string>diff "${PODS_ROOT}/../Podfile.lock" "${PODS_ROOT}/Manifest.lock" &gt; /dev/null
if [[ $? != 0 ]] ; then
    cat &lt;&lt; EOM
error: The sandbox is not in sync with the Podfile.lock. Run 'pod install' or update your CocoaPods installation.
EOM
    exit 1
fi
</string>
			<key>showEnvVarsInLog</key>
			<string>0</string>
		</dict>
		<key>83AB8DE9FF7448EFB01444FF</key>
		<dict>
			<key>fileRef</key>
			<string>5CA492200DC045FF9C8BF245</string>
			<key>isa</key>
			<string>PBXBuildFile</string>
		</dict>
		<key>94EF84A7C2B44D2088276C62</key>
		<dict>
			<key>buildActionMask</key>
			<string>2147483647</string>
			<key>files</key>
			<array/>
			<key>inputPaths</key>
			<array/>
			<key>isa</key>
			<string>PBXShellScriptBuildPhase</string>
			<key>name</key>
			<string>Copy Pods Resources</string>
			<key>outputPaths</key>
			<array/>
			<key>runOnlyForDeploymentPostprocessing</key>
			<string>0</string>
			<key>shellPath</key>
			<string>/bin/sh</string>
			<key>shellScript</key>
			<string>"${SRCROOT}/Pods/Pods-resources.sh"
</string>
			<key>showEnvVarsInLog</key>
			<string>0</string>
		</dict>
	</dict>
	<key>rootObject</key>
	<string>3E35061217D86B53009B7528</string>
</dict>
</plist>
