// !$*UTF8*$!
{
	archiveVersion = 1;
	classes = {
	};
	objectVersion = 46;
	objects = {

/* Begin PBXBuildFile section */
		3E079C6317DD62BF00544310 /* YCWindow.m in Sources */ = {isa = PBXBuildFile; fileRef = 3E079C6217DD62BF00544310 /* YCWindow.m */; };
		3E35061E17D86B53009B7528 /* UIKit.framework in Frameworks */ = {isa = PBXBuildFile; fileRef = 3E35061D17D86B53009B7528 /* UIKit.framework */; };
		3E35062017D86B53009B7528 /* Foundation.framework in Frameworks */ = {isa = PBXBuildFile; fileRef = 3E35061F17D86B53009B7528 /* Foundation.framework */; };
		3E35062217D86B53009B7528 /* CoreGraphics.framework in Frameworks */ = {isa = PBXBuildFile; fileRef = 3E35062117D86B53009B7528 /* CoreGraphics.framework */; };
		3E35062817D86B53009B7528 /* InfoPlist.strings in Resources */ = {isa = PBXBuildFile; fileRef = 3E35062617D86B53009B7528 /* InfoPlist.strings */; };
		3E35062A17D86B53009B7528 /* main.m in Sources */ = {isa = PBXBuildFile; fileRef = 3E35062917D86B53009B7528 /* main.m */; };
		3E35062E17D86B53009B7528 /* YCAppDelegate.m in Sources */ = {isa = PBXBuildFile; fileRef = 3E35062D17D86B53009B7528 /* YCAppDelegate.m */; };
		3E35063017D86B53009B7528 /* Default.png in Resources */ = {isa = PBXBuildFile; fileRef = 3E35062F17D86B53009B7528 /* Default.png */; };
		3E35063217D86B53009B7528 /* Default@2x.png in Resources */ = {isa = PBXBuildFile; fileRef = 3E35063117D86B53009B7528 /* Default@2x.png */; };
		3E35063417D86B53009B7528 /* Default-568h@2x.png in Resources */ = {isa = PBXBuildFile; fileRef = 3E35063317D86B53009B7528 /* Default-568h@2x.png */; };
		3E35063717D86B53009B7528 /* MainStoryboard.storyboard in Resources */ = {isa = PBXBuildFile; fileRef = 3E35063517D86B53009B7528 /* MainStoryboard.storyboard */; };
		3E35063D17D86B53009B7528 /* YCViewController.m in Sources */ = {isa = PBXBuildFile; fileRef = 3E35063C17D86B53009B7528 /* YCViewController.m */; };
		3E35064517D86B53009B7528 /* SenTestingKit.framework in Frameworks */ = {isa = PBXBuildFile; fileRef = 3E35064417D86B53009B7528 /* SenTestingKit.framework */; };
		3E35064617D86B53009B7528 /* UIKit.framework in Frameworks */ = {isa = PBXBuildFile; fileRef = 3E35061D17D86B53009B7528 /* UIKit.framework */; };
		3E35064717D86B53009B7528 /* Foundation.framework in Frameworks */ = {isa = PBXBuildFile; fileRef = 3E35061F17D86B53009B7528 /* Foundation.framework */; };
		3E35064F17D86B53009B7528 /* InfoPlist.strings in Resources */ = {isa = PBXBuildFile; fileRef = 3E35064D17D86B53009B7528 /* InfoPlist.strings */; };
		3E35065217D86B53009B7528 /* MoveLifeTests.m in Sources */ = {isa = PBXBuildFile; fileRef = 3E35065117D86B53009B7528 /* MoveLifeTests.m */; };
		3E35065C17D86D9A009B7528 /* QuartzCore.framework in Frameworks */ = {isa = PBXBuildFile; fileRef = 3E35065B17D86D9A009B7528 /* QuartzCore.framework */; };
		3E45566C17DD69D3007D43B3 /* CoreMotion.framework in Frameworks */ = {isa = PBXBuildFile; fileRef = 3E45566B17DD69D3007D43B3 /* CoreMotion.framework */; };
		3E9E765D17D9AE7300C07952 /* YCLocationManager.m in Sources */ = {isa = PBXBuildFile; fileRef = 3E9E765C17D9AE7300C07952 /* YCLocationManager.m */; };
		3E9FCCD317D9804A00C80756 /* CoreLocation.framework in Frameworks */ = {isa = PBXBuildFile; fileRef = 3E9FCCD217D9804A00C80756 /* CoreLocation.framework */; };
		83AB8DE9FF7448EFB01444FF /* libPods.a in Frameworks */ = {isa = PBXBuildFile; fileRef = 5CA492200DC045FF9C8BF245 /* libPods.a */; };
/* End PBXBuildFile section */

/* Begin PBXContainerItemProxy section */
		3E35064817D86B53009B7528 /* PBXContainerItemProxy */ = {
			isa = PBXContainerItemProxy;
			containerPortal = 3E35061217D86B53009B7528 /* Project object */;
			proxyType = 1;
			remoteGlobalIDString = 3E35061917D86B53009B7528;
			remoteInfo = MoveLife;
		};
/* End PBXContainerItemProxy section */

/* Begin PBXFileReference section */
		3E079C6117DD62BF00544310 /* YCWindow.h */ = {isa = PBXFileReference; fileEncoding = 4; lastKnownFileType = sourcecode.c.h; path = YCWindow.h; sourceTree = "<group>"; };
		3E079C6217DD62BF00544310 /* YCWindow.m */ = {isa = PBXFileReference; fileEncoding = 4; lastKnownFileType = sourcecode.c.objc; path = YCWindow.m; sourceTree = "<group>"; };
		3E35061A17D86B53009B7528 /* MoveLife.app */ = {isa = PBXFileReference; explicitFileType = wrapper.application; includeInIndex = 0; path = MoveLife.app; sourceTree = BUILT_PRODUCTS_DIR; };
		3E35061D17D86B53009B7528 /* UIKit.framework */ = {isa = PBXFileReference; lastKnownFileType = wrapper.framework; name = UIKit.framework; path = System/Library/Frameworks/UIKit.framework; sourceTree = SDKROOT; };
		3E35061F17D86B53009B7528 /* Foundation.framework */ = {isa = PBXFileReference; lastKnownFileType = wrapper.framework; name = Foundation.framework; path = System/Library/Frameworks/Foundation.framework; sourceTree = SDKROOT; };
		3E35062117D86B53009B7528 /* CoreGraphics.framework */ = {isa = PBXFileReference; lastKnownFileType = wrapper.framework; name = CoreGraphics.framework; path = System/Library/Frameworks/CoreGraphics.framework; sourceTree = SDKROOT; };
		3E35062517D86B53009B7528 /* MoveLife-Info.plist */ = {isa = PBXFileReference; lastKnownFileType = text.plist.xml; path = "MoveLife-Info.plist"; sourceTree = "<group>"; };
		3E35062717D86B53009B7528 /* en */ = {isa = PBXFileReference; lastKnownFileType = text.plist.strings; name = en; path = en.lproj/InfoPlist.strings; sourceTree = "<group>"; };
		3E35062917D86B53009B7528 /* main.m */ = {isa = PBXFileReference; lastKnownFileType = sourcecode.c.objc; path = main.m; sourceTree = "<group>"; };
		3E35062B17D86B53009B7528 /* MoveLife-Prefix.pch */ = {isa = PBXFileReference; lastKnownFileType = sourcecode.c.h; path = "MoveLife-Prefix.pch"; sourceTree = "<group>"; };
		3E35062C17D86B53009B7528 /* YCAppDelegate.h */ = {isa = PBXFileReference; lastKnownFileType = sourcecode.c.h; path = YCAppDelegate.h; sourceTree = "<group>"; };
		3E35062D17D86B53009B7528 /* YCAppDelegate.m */ = {isa = PBXFileReference; lastKnownFileType = sourcecode.c.objc; path = YCAppDelegate.m; sourceTree = "<group>"; };
		3E35062F17D86B53009B7528 /* Default.png */ = {isa = PBXFileReference; lastKnownFileType = image.png; path = Default.png; sourceTree = "<group>"; };
		3E35063117D86B53009B7528 /* Default@2x.png */ = {isa = PBXFileReference; lastKnownFileType = image.png; path = "Default@2x.png"; sourceTree = "<group>"; };
		3E35063317D86B53009B7528 /* Default-568h@2x.png */ = {isa = PBXFileReference; lastKnownFileType = image.png; path = "Default-568h@2x.png"; sourceTree = "<group>"; };
		3E35063617D86B53009B7528 /* en */ = {isa = PBXFileReference; lastKnownFileType = file.storyboard; name = en; path = en.lproj/MainStoryboard.storyboard; sourceTree = "<group>"; };
		3E35063B17D86B53009B7528 /* YCViewController.h */ = {isa = PBXFileReference; lastKnownFileType = sourcecode.c.h; path = YCViewController.h; sourceTree = "<group>"; };
		3E35063C17D86B53009B7528 /* YCViewController.m */ = {isa = PBXFileReference; lastKnownFileType = sourcecode.c.objc; path = YCViewController.m; sourceTree = "<group>"; };
		3E35064317D86B53009B7528 /* MoveLifeTests.octest */ = {isa = PBXFileReference; explicitFileType = wrapper.cfbundle; includeInIndex = 0; path = MoveLifeTests.octest; sourceTree = BUILT_PRODUCTS_DIR; };
		3E35064417D86B53009B7528 /* SenTestingKit.framework */ = {isa = PBXFileReference; lastKnownFileType = wrapper.framework; name = SenTestingKit.framework; path = Library/Frameworks/SenTestingKit.framework; sourceTree = DEVELOPER_DIR; };
		3E35064C17D86B53009B7528 /* MoveLifeTests-Info.plist */ = {isa = PBXFileReference; lastKnownFileType = text.plist.xml; path = "MoveLifeTests-Info.plist"; sourceTree = "<group>"; };
		3E35064E17D86B53009B7528 /* en */ = {isa = PBXFileReference; lastKnownFileType = text.plist.strings; name = en; path = en.lproj/InfoPlist.strings; sourceTree = "<group>"; };
		3E35065017D86B53009B7528 /* MoveLifeTests.h */ = {isa = PBXFileReference; lastKnownFileType = sourcecode.c.h; path = MoveLifeTests.h; sourceTree = "<group>"; };
		3E35065117D86B53009B7528 /* MoveLifeTests.m */ = {isa = PBXFileReference; lastKnownFileType = sourcecode.c.objc; path = MoveLifeTests.m; sourceTree = "<group>"; };
		3E35065B17D86D9A009B7528 /* QuartzCore.framework */ = {isa = PBXFileReference; lastKnownFileType = wrapper.framework; name = QuartzCore.framework; path = System/Library/Frameworks/QuartzCore.framework; sourceTree = SDKROOT; };
		3E45566B17DD69D3007D43B3 /* CoreMotion.framework */ = {isa = PBXFileReference; lastKnownFileType = wrapper.framework; name = CoreMotion.framework; path = System/Library/Frameworks/CoreMotion.framework; sourceTree = SDKROOT; };
		3E9E765B17D9AE7300C07952 /* YCLocationManager.h */ = {isa = PBXFileReference; fileEncoding = 4; lastKnownFileType = sourcecode.c.h; path = YCLocationManager.h; sourceTree = "<group>"; };
		3E9E765C17D9AE7300C07952 /* YCLocationManager.m */ = {isa = PBXFileReference; fileEncoding = 4; lastKnownFileType = sourcecode.c.objc; path = YCLocationManager.m; sourceTree = "<group>"; };
		3E9FCCD217D9804A00C80756 /* CoreLocation.framework */ = {isa = PBXFileReference; lastKnownFileType = wrapper.framework; name = CoreLocation.framework; path = System/Library/Frameworks/CoreLocation.framework; sourceTree = SDKROOT; };
		5CA492200DC045FF9C8BF245 /* libPods.a */ = {isa = PBXFileReference; explicitFileType = archive.ar; includeInIndex = 0; path = libPods.a; sourceTree = BUILT_PRODUCTS_DIR; };
		6867B7BD54DD42809C2D8B58 /* Pods.xcconfig */ = {isa = PBXFileReference; includeInIndex = 1; lastKnownFileType = text.xcconfig; name = Pods.xcconfig; path = Pods/Pods.xcconfig; sourceTree = SOURCE_ROOT; };
/* End PBXFileReference section */

/* Begin PBXFrameworksBuildPhase section */
		3E35061717D86B53009B7528 /* Frameworks */ = {
			isa = PBXFrameworksBuildPhase;
			buildActionMask = 2147483647;
			files = (
				3E45566C17DD69D3007D43B3 /* CoreMotion.framework in Frameworks */,
				3E9FCCD317D9804A00C80756 /* CoreLocation.framework in Frameworks */,
				3E35065C17D86D9A009B7528 /* QuartzCore.framework in Frameworks */,
				3E35061E17D86B53009B7528 /* UIKit.framework in Frameworks */,
				3E35062017D86B53009B7528 /* Foundation.framework in Frameworks */,
				3E35062217D86B53009B7528 /* CoreGraphics.framework in Frameworks */,
				83AB8DE9FF7448EFB01444FF /* libPods.a in Frameworks */,
			);
			runOnlyForDeploymentPostprocessing = 0;
		};
		3E35063F17D86B53009B7528 /* Frameworks */ = {
			isa = PBXFrameworksBuildPhase;
			buildActionMask = 2147483647;
			files = (
				3E35064517D86B53009B7528 /* SenTestingKit.framework in Frameworks */,
				3E35064617D86B53009B7528 /* UIKit.framework in Frameworks */,
				3E35064717D86B53009B7528 /* Foundation.framework in Frameworks */,
			);
			runOnlyForDeploymentPostprocessing = 0;
		};
/* End PBXFrameworksBuildPhase section */

/* Begin PBXGroup section */
		3E35061117D86B53009B7528 = {
			isa = PBXGroup;
			children = (
				3E35062317D86B53009B7528 /* MoveLife */,
				3E35064A17D86B53009B7528 /* MoveLifeTests */,
				3E35061C17D86B53009B7528 /* Frameworks */,
				3E35061B17D86B53009B7528 /* Products */,
				6867B7BD54DD42809C2D8B58 /* Pods.xcconfig */,
			);
			sourceTree = "<group>";
		};
		3E35061B17D86B53009B7528 /* Products */ = {
			isa = PBXGroup;
			children = (
				3E35061A17D86B53009B7528 /* MoveLife.app */,
				3E35064317D86B53009B7528 /* MoveLifeTests.octest */,
			);
			name = Products;
			sourceTree = "<group>";
		};
		3E35061C17D86B53009B7528 /* Frameworks */ = {
			isa = PBXGroup;
			children = (
				3E45566B17DD69D3007D43B3 /* CoreMotion.framework */,
				3E9FCCD217D9804A00C80756 /* CoreLocation.framework */,
				3E35065B17D86D9A009B7528 /* QuartzCore.framework */,
				3E35061D17D86B53009B7528 /* UIKit.framework */,
				3E35061F17D86B53009B7528 /* Foundation.framework */,
				3E35062117D86B53009B7528 /* CoreGraphics.framework */,
				3E35064417D86B53009B7528 /* SenTestingKit.framework */,
				5CA492200DC045FF9C8BF245 /* libPods.a */,
			);
			name = Frameworks;
			sourceTree = "<group>";
		};
		3E35062317D86B53009B7528 /* MoveLife */ = {
			isa = PBXGroup;
			children = (
				3E35062C17D86B53009B7528 /* YCAppDelegate.h */,
				3E35062D17D86B53009B7528 /* YCAppDelegate.m */,
				3E079C6117DD62BF00544310 /* YCWindow.h */,
				3E079C6217DD62BF00544310 /* YCWindow.m */,
				3E9E765B17D9AE7300C07952 /* YCLocationManager.h */,
				3E9E765C17D9AE7300C07952 /* YCLocationManager.m */,
				3E35063517D86B53009B7528 /* MainStoryboard.storyboard */,
				3E35063B17D86B53009B7528 /* YCViewController.h */,
				3E35063C17D86B53009B7528 /* YCViewController.m */,
				3E35062417D86B53009B7528 /* Supporting Files */,
			);
			path = MoveLife;
			sourceTree = "<group>";
		};
		3E35062417D86B53009B7528 /* Supporting Files */ = {
			isa = PBXGroup;
			children = (
				3E35062517D86B53009B7528 /* MoveLife-Info.plist */,
				3E35062617D86B53009B7528 /* InfoPlist.strings */,
				3E35062917D86B53009B7528 /* main.m */,
				3E35062B17D86B53009B7528 /* MoveLife-Prefix.pch */,
				3E35062F17D86B53009B7528 /* Default.png */,
				3E35063117D86B53009B7528 /* Default@2x.png */,
				3E35063317D86B53009B7528 /* Default-568h@2x.png */,
			);
			name = "Supporting Files";
			sourceTree = "<group>";
		};
		3E35064A17D86B53009B7528 /* MoveLifeTests */ = {
			isa = PBXGroup;
			children = (
				3E35065017D86B53009B7528 /* MoveLifeTests.h */,
				3E35065117D86B53009B7528 /* MoveLifeTests.m */,
				3E35064B17D86B53009B7528 /* Supporting Files */,
			);
			path = MoveLifeTests;
			sourceTree = "<group>";
		};
		3E35064B17D86B53009B7528 /* Supporting Files */ = {
			isa = PBXGroup;
			children = (
				3E35064C17D86B53009B7528 /* MoveLifeTests-Info.plist */,
				3E35064D17D86B53009B7528 /* InfoPlist.strings */,
			);
			name = "Supporting Files";
			sourceTree = "<group>";
		};
/* End PBXGroup section */

/* Begin PBXNativeTarget section */
		3E35061917D86B53009B7528 /* MoveLife */ = {
			isa = PBXNativeTarget;
			buildConfigurationList = 3E35065517D86B53009B7528 /* Build configuration list for PBXNativeTarget "MoveLife" */;
			buildPhases = (
				6BF8430830E14CB79FE23140 /* Check Pods Manifest.lock */,
				3E35061617D86B53009B7528 /* Sources */,
				3E35061717D86B53009B7528 /* Frameworks */,
				3E35061817D86B53009B7528 /* Resources */,
				94EF84A7C2B44D2088276C62 /* Copy Pods Resources */,
			);
			buildRules = (
			);
			dependencies = (
			);
			name = MoveLife;
			productName = MoveLife;
			productReference = 3E35061A17D86B53009B7528 /* MoveLife.app */;
			productType = "com.apple.product-type.application";
		};
		3E35064217D86B53009B7528 /* MoveLifeTests */ = {
			isa = PBXNativeTarget;
			buildConfigurationList = 3E35065817D86B53009B7528 /* Build configuration list for PBXNativeTarget "MoveLifeTests" */;
			buildPhases = (
				3E35063E17D86B53009B7528 /* Sources */,
				3E35063F17D86B53009B7528 /* Frameworks */,
				3E35064017D86B53009B7528 /* Resources */,
				3E35064117D86B53009B7528 /* ShellScript */,
			);
			buildRules = (
			);
			dependencies = (
				3E35064917D86B53009B7528 /* PBXTargetDependency */,
			);
			name = MoveLifeTests;
			productName = MoveLifeTests;
			productReference = 3E35064317D86B53009B7528 /* MoveLifeTests.octest */;
			productType = "com.apple.product-type.bundle";
		};
/* End PBXNativeTarget section */

/* Begin PBXProject section */
		3E35061217D86B53009B7528 /* Project object */ = {
			isa = PBXProject;
			attributes = {
				CLASSPREFIX = YD;
				LastUpgradeCheck = 0460;
				ORGANIZATIONNAME = gongliang;
			};
			buildConfigurationList = 3E35061517D86B53009B7528 /* Build configuration list for PBXProject "MoveLife" */;
			compatibilityVersion = "Xcode 3.2";
			developmentRegion = English;
			hasScannedForEncodings = 0;
			knownRegions = (
				en,
			);
			mainGroup = 3E35061117D86B53009B7528;
			productRefGroup = 3E35061B17D86B53009B7528 /* Products */;
			projectDirPath = "";
			projectRoot = "";
			targets = (
				3E35061917D86B53009B7528 /* MoveLife */,
				3E35064217D86B53009B7528 /* MoveLifeTests */,
			);
		};
/* End PBXProject section */

/* Begin PBXResourcesBuildPhase section */
		3E35061817D86B53009B7528 /* Resources */ = {
			isa = PBXResourcesBuildPhase;
			buildActionMask = 2147483647;
			files = (
				3E35062817D86B53009B7528 /* InfoPlist.strings in Resources */,
				3E35063017D86B53009B7528 /* Default.png in Resources */,
				3E35063217D86B53009B7528 /* Default@2x.png in Resources */,
				3E35063417D86B53009B7528 /* Default-568h@2x.png in Resources */,
				3E35063717D86B53009B7528 /* MainStoryboard.storyboard in Resources */,
			);
			runOnlyForDeploymentPostprocessing = 0;
		};
		3E35064017D86B53009B7528 /* Resources */ = {
			isa = PBXResourcesBuildPhase;
			buildActionMask = 2147483647;
			files = (
				3E35064F17D86B53009B7528 /* InfoPlist.strings in Resources */,
			);
			runOnlyForDeploymentPostprocessing = 0;
		};
/* End PBXResourcesBuildPhase section */

/* Begin PBXShellScriptBuildPhase section */
		3E35064117D86B53009B7528 /* ShellScript */ = {
			isa = PBXShellScriptBuildPhase;
			buildActionMask = 2147483647;
			files = (
			);
			inputPaths = (
			);
			outputPaths = (
			);
			runOnlyForDeploymentPostprocessing = 0;
			shellPath = /bin/sh;
			shellScript = "# Run the unit tests in this test bundle.\n\"${SYSTEM_DEVELOPER_DIR}/Tools/RunUnitTests\"\n";
		};
		6BF8430830E14CB79FE23140 /* Check Pods Manifest.lock */ = {
			isa = PBXShellScriptBuildPhase;
			buildActionMask = 2147483647;
			files = (
			);
			inputPaths = (
			);
			name = "Check Pods Manifest.lock";
			outputPaths = (
			);
			runOnlyForDeploymentPostprocessing = 0;
			shellPath = /bin/sh;
			shellScript = "diff \"${PODS_ROOT}/../Podfile.lock\" \"${PODS_ROOT}/Manifest.lock\" > /dev/null\nif [[ $? != 0 ]] ; then\n    cat << EOM\nerror: The sandbox is not in sync with the Podfile.lock. Run 'pod install' or update your CocoaPods installation.\nEOM\n    exit 1\nfi\n";
			showEnvVarsInLog = 0;
		};
		94EF84A7C2B44D2088276C62 /* Copy Pods Resources */ = {
			isa = PBXShellScriptBuildPhase;
			buildActionMask = 2147483647;
			files = (
			);
			inputPaths = (
			);
			name = "Copy Pods Resources";
			outputPaths = (
			);
			runOnlyForDeploymentPostprocessing = 0;
			shellPath = /bin/sh;
			shellScript = "\"${SRCROOT}/Pods/Pods-resources.sh\"\n";
			showEnvVarsInLog = 0;
		};
/* End PBXShellScriptBuildPhase section */

/* Begin PBXSourcesBuildPhase section */
		3E35061617D86B53009B7528 /* Sources */ = {
			isa = PBXSourcesBuildPhase;
			buildActionMask = 2147483647;
			files = (
				3E35062A17D86B53009B7528 /* main.m in Sources */,
				3E35062E17D86B53009B7528 /* YCAppDelegate.m in Sources */,
				3E35063D17D86B53009B7528 /* YCViewController.m in Sources */,
				3E9E765D17D9AE7300C07952 /* YCLocationManager.m in Sources */,
				3E079C6317DD62BF00544310 /* YCWindow.m in Sources */,
			);
			runOnlyForDeploymentPostprocessing = 0;
		};
		3E35063E17D86B53009B7528 /* Sources */ = {
			isa = PBXSourcesBuildPhase;
			buildActionMask = 2147483647;
			files = (
				3E35065217D86B53009B7528 /* MoveLifeTests.m in Sources */,
			);
			runOnlyForDeploymentPostprocessing = 0;
		};
/* End PBXSourcesBuildPhase section */

/* Begin PBXTargetDependency section */
		3E35064917D86B53009B7528 /* PBXTargetDependency */ = {
			isa = PBXTargetDependency;
			target = 3E35061917D86B53009B7528 /* MoveLife */;
			targetProxy = 3E35064817D86B53009B7528 /* PBXContainerItemProxy */;
		};
/* End PBXTargetDependency section */

/* Begin PBXVariantGroup section */
		3E35062617D86B53009B7528 /* InfoPlist.strings */ = {
			isa = PBXVariantGroup;
			children = (
				3E35062717D86B53009B7528 /* en */,
			);
			name = InfoPlist.strings;
			sourceTree = "<group>";
		};
		3E35063517D86B53009B7528 /* MainStoryboard.storyboard */ = {
			isa = PBXVariantGroup;
			children = (
				3E35063617D86B53009B7528 /* en */,
			);
			name = MainStoryboard.storyboard;
			sourceTree = "<group>";
		};
		3E35064D17D86B53009B7528 /* InfoPlist.strings */ = {
			isa = PBXVariantGroup;
			children = (
				3E35064E17D86B53009B7528 /* en */,
			);
			name = InfoPlist.strings;
			sourceTree = "<group>";
		};
/* End PBXVariantGroup section */

/* Begin XCBuildConfiguration section */
		3E35065317D86B53009B7528 /* Debug */ = {
			isa = XCBuildConfiguration;
			buildSettings = {
				ALWAYS_SEARCH_USER_PATHS = NO;
				CLANG_CXX_LANGUAGE_STANDARD = "gnu++0x";
				CLANG_CXX_LIBRARY = "libc++";
				CLANG_ENABLE_OBJC_ARC = YES;
				CLANG_WARN_CONSTANT_CONVERSION = YES;
				CLANG_WARN_EMPTY_BODY = YES;
				CLANG_WARN_ENUM_CONVERSION = YES;
				CLANG_WARN_INT_CONVERSION = YES;
				CLANG_WARN__DUPLICATE_METHOD_MATCH = YES;
				"CODE_SIGN_IDENTITY[sdk=iphoneos*]" = "iPhone Developer";
				COPY_PHASE_STRIP = NO;
				GCC_C_LANGUAGE_STANDARD = gnu99;
				GCC_DYNAMIC_NO_PIC = NO;
				GCC_OPTIMIZATION_LEVEL = 0;
				GCC_PREPROCESSOR_DEFINITIONS = (
					"DEBUG=1",
					"$(inherited)",
				);
				GCC_SYMBOLS_PRIVATE_EXTERN = NO;
				GCC_WARN_ABOUT_RETURN_TYPE = YES;
				GCC_WARN_UNINITIALIZED_AUTOS = YES;
				GCC_WARN_UNUSED_VARIABLE = YES;
				IPHONEOS_DEPLOYMENT_TARGET = 6.1;
				ONLY_ACTIVE_ARCH = YES;
				SDKROOT = iphoneos;
				TARGETED_DEVICE_FAMILY = "1,2";
				USER_HEADER_SEARCH_PATHS = "$SRCROOT/**";
			};
			name = Debug;
		};
		3E35065417D86B53009B7528 /* Release */ = {
			isa = XCBuildConfiguration;
			buildSettings = {
				ALWAYS_SEARCH_USER_PATHS = NO;
				CLANG_CXX_LANGUAGE_STANDARD = "gnu++0x";
				CLANG_CXX_LIBRARY = "libc++";
				CLANG_ENABLE_OBJC_ARC = YES;
				CLANG_WARN_CONSTANT_CONVERSION = YES;
				CLANG_WARN_EMPTY_BODY = YES;
				CLANG_WARN_ENUM_CONVERSION = YES;
				CLANG_WARN_INT_CONVERSION = YES;
				CLANG_WARN__DUPLICATE_METHOD_MATCH = YES;
				"CODE_SIGN_IDENTITY[sdk=iphoneos*]" = "iPhone Developer";
				COPY_PHASE_STRIP = YES;
				GCC_C_LANGUAGE_STANDARD = gnu99;
				GCC_WARN_ABOUT_RETURN_TYPE = YES;
				GCC_WARN_UNINITIALIZED_AUTOS = YES;
				GCC_WARN_UNUSED_VARIABLE = YES;
				IPHONEOS_DEPLOYMENT_TARGET = 6.1;
				OTHER_CFLAGS = "-DNS_BLOCK_ASSERTIONS=1";
				SDKROOT = iphoneos;
				TARGETED_DEVICE_FAMILY = "1,2";
				VALIDATE_PRODUCT = YES;
			};
			name = Release;
		};
		3E35065617D86B53009B7528 /* Debug */ = {
			isa = XCBuildConfiguration;
			baseConfigurationReference = 6867B7BD54DD42809C2D8B58 /* Pods.xcconfig */;
			buildSettings = {
				GCC_PRECOMPILE_PREFIX_HEADER = YES;
				GCC_PREFIX_HEADER = "MoveLife/MoveLife-Prefix.pch";
				INFOPLIST_FILE = "MoveLife/MoveLife-Info.plist";
				PRODUCT_NAME = "$(TARGET_NAME)";
				WRAPPER_EXTENSION = app;
			};
			name = Debug;
		};
		3E35065717D86B53009B7528 /* Release */ = {
			isa = XCBuildConfiguration;
			baseConfigurationReference = 6867B7BD54DD42809C2D8B58 /* Pods.xcconfig */;
			buildSettings = {
				GCC_PRECOMPILE_PREFIX_HEADER = YES;
				GCC_PREFIX_HEADER = "MoveLife/MoveLife-Prefix.pch";
				INFOPLIST_FILE = "MoveLife/MoveLife-Info.plist";
				PRODUCT_NAME = "$(TARGET_NAME)";
				WRAPPER_EXTENSION = app;
			};
			name = Release;
		};
		3E35065917D86B53009B7528 /* Debug */ = {
			isa = XCBuildConfiguration;
			buildSettings = {
				BUNDLE_LOADER = "$(BUILT_PRODUCTS_DIR)/MoveLife.app/MoveLife";
				FRAMEWORK_SEARCH_PATHS = (
					"\"$(SDKROOT)/Developer/Library/Frameworks\"",
					"\"$(DEVELOPER_LIBRARY_DIR)/Frameworks\"",
				);
				GCC_PRECOMPILE_PREFIX_HEADER = YES;
				GCC_PREFIX_HEADER = "MoveLife/MoveLife-Prefix.pch";
				INFOPLIST_FILE = "MoveLifeTests/MoveLifeTests-Info.plist";
				PRODUCT_NAME = "$(TARGET_NAME)";
				TEST_HOST = "$(BUNDLE_LOADER)";
				WRAPPER_EXTENSION = octest;
			};
			name = Debug;
		};
		3E35065A17D86B53009B7528 /* Release */ = {
			isa = XCBuildConfiguration;
			buildSettings = {
				BUNDLE_LOADER = "$(BUILT_PRODUCTS_DIR)/MoveLife.app/MoveLife";
				FRAMEWORK_SEARCH_PATHS = (
					"\"$(SDKROOT)/Developer/Library/Frameworks\"",
					"\"$(DEVELOPER_LIBRARY_DIR)/Frameworks\"",
				);
				GCC_PRECOMPILE_PREFIX_HEADER = YES;
				GCC_PREFIX_HEADER = "MoveLife/MoveLife-Prefix.pch";
				INFOPLIST_FILE = "MoveLifeTests/MoveLifeTests-Info.plist";
				PRODUCT_NAME = "$(TARGET_NAME)";
				TEST_HOST = "$(BUNDLE_LOADER)";
				WRAPPER_EXTENSION = octest;
			};
			name = Release;
		};
/* End XCBuildConfiguration section */

/* Begin XCConfigurationList section */
		3E35061517D86B53009B7528 /* Build configuration list for PBXProject "MoveLife" */ = {
			isa = XCConfigurationList;
			buildConfigurations = (
				3E35065317D86B53009B7528 /* Debug */,
				3E35065417D86B53009B7528 /* Release */,
			);
			defaultConfigurationIsVisible = 0;
			defaultConfigurationName = Release;
		};
		3E35065517D86B53009B7528 /* Build configuration list for PBXNativeTarget "MoveLife" */ = {
			isa = XCConfigurationList;
			buildConfigurations = (
				3E35065617D86B53009B7528 /* Debug */,
				3E35065717D86B53009B7528 /* Release */,
			);
			defaultConfigurationIsVisible = 0;
			defaultConfigurationName = Release;
		};
		3E35065817D86B53009B7528 /* Build configuration list for PBXNativeTarget "MoveLifeTests" */ = {
			isa = XCConfigurationList;
			buildConfigurations = (
				3E35065917D86B53009B7528 /* Debug */,
				3E35065A17D86B53009B7528 /* Release */,
			);
			defaultConfigurationIsVisible = 0;
			defaultConfigurationName = Release;
		};
/* End XCConfigurationList section */
	};
	rootObject = 3E35061217D86B53009B7528 /* Project object */;
}
